{
  "name": "nodegoat-sectest",
  "version": "1.0.0",
  "lockfileVersion": 1,
  "requires": true,
  "dependencies": {
    "lodash": {
      "version": "4.17.4",
      "resolved": "https://registry.npmjs.org/lodash/-/lodash-4.17.4.tgz",
      "integrity": "sha512-6X37Zq5nfMfz0OHbCbBTSXsB88BgH1Q9y6mv4E2hDBcbSStLIZuXQ1w+2SkEe1B1S1H0nOhEZ2M6nA3ClrpQ=="
    },
    "handlebars": {
      "version": "4.0.11",
      "resolved": "https://registry.npmjs.org/handlebars/-/handlebars-4.0.11.tgz",
      "integrity": "sha512-3vjr8Nq5f4Fb5g4GNvNTZ7A0lJUb0vq3Fp7wZ6nZ8n0Aq8rE9m9gT3f0mHqf4kZ2c1v0m0k0m0k0m0k0m0kA=="
    },
    "minimist": {
      "version": "1.2.0",
      "resolved": "https://registry.npmjs.org/minimist/-/minimist-1.2.0.tgz",
      "integrity": "sha512-7Q1nX1xQnQmZ9k0m0k0m0k0m0k0m0k0m0k0m0k0m0k0m0k0m0k0m0k0m0k0m0k0m0k0m0k0m0k0m0k0m0k0mA=="
    }
  }
}
